
Microsoft Visual Studio Solution File, Format Version 12.00
# Visual Studio Version 17
VisualStudioVersion = 17.1.32210.238
MinimumVisualStudioVersion = 10.0.40219.1
Project("{FAE04EC0-301F-11D3-BF4B-00C04F79EFBC}") = "upos-device-simulation", "src\upos-device-simulation\upos-device-simulation.csproj", "{C7F035BC-FB8A-4AF8-AE04-C237F624A87F}"
EndProject
Project("{FAE04EC0-301F-11D3-BF4B-00C04F79EFBC}") = "upos-device-simulation-console", "src\upos-device-simulation-console\upos-device-simulation-console.csproj", "{F34FCDF1-0C6A-4620-8D7F-5E6CA96258EC}"
EndProject
Global
	GlobalSection(SolutionConfigurationPlatforms) = preSolution
		Debug|Any CPU = Debug|Any CPU
		Release|Any CPU = Release|Any CPU
	EndGlobalSection
	GlobalSection(ProjectConfigurationPlatforms) = postSolution
		{C7F035BC-FB8A-4AF8-AE04-C237F624A87F}.Debug|Any CPU.ActiveCfg = Debug|Any CPU
		{C7F035BC-FB8A-4AF8-AE04-C237F624A87F}.Debug|Any CPU.Build.0 = Debug|Any CPU
		{C7F035BC-FB8A-4AF8-AE04-C237F624A87F}.Release|Any CPU.ActiveCfg = Release|Any CPU
		{C7F035BC-FB8A-4AF8-AE04-C237F624A87F}.Release|Any CPU.Build.0 = Release|Any CPU
		{F34FCDF1-0C6A-4620-8D7F-5E6CA96258EC}.Debug|Any CPU.ActiveCfg = Debug|Any CPU
		{F34FCDF1-0C6A-4620-8D7F-5E6CA96258EC}.Debug|Any CPU.Build.0 = Debug|Any CPU
		{F34FCDF1-0C6A-4620-8D7F-5E6CA96258EC}.Release|Any CPU.ActiveCfg = Release|Any CPU
		{F34FCDF1-0C6A-4620-8D7F-5E6CA96258EC}.Release|Any CPU.Build.0 = Release|Any CPU
	EndGlobalSection
	GlobalSection(SolutionProperties) = preSolution
		HideSolutionNode = FALSE
	EndGlobalSection
	GlobalSection(ExtensibilityGlobals) = postSolution
		SolutionGuid = {8219AD27-C966-4F42-89A2-F58A929EFED1}
	EndGlobalSection
EndGlobal
